
Microsoft Visual Studio Solution File, Format Version 12.00
# Visual Studio Version 16
VisualStudioVersion = 16.0.31624.102
MinimumVisualStudioVersion = 10.0.40219.1
Project("{FAE04EC0-301F-11D3-BF4B-00C04F79EFBC}") = "Ejercicio2_1.Android", "Ejercicio2_1\Ejercicio2_1.Android\Ejercicio2_1.Android.csproj", "{93D5BC3C-B091-417A-9C2F-59CF6EBE29F6}"
EndProject
Project("{FAE04EC0-301F-11D3-BF4B-00C04F79EFBC}") = "Ejercicio2_1", "Ejercicio2_1\Ejercicio2_1\Ejercicio2_1.csproj", "{6397F09F-1664-40CF-A81B-98AAE3F08D6F}"
EndProject
Global
	GlobalSection(SolutionConfigurationPlatforms) = preSolution
		Debug|Any CPU = Debug|Any CPU
		Release|Any CPU = Release|Any CPU
	EndGlobalSection
	GlobalSection(ProjectConfigurationPlatforms) = postSolution
		{93D5BC3C-B091-417A-9C2F-59CF6EBE29F6}.Debug|Any CPU.ActiveCfg = Debug|Any CPU
		{93D5BC3C-B091-417A-9C2F-59CF6EBE29F6}.Debug|Any CPU.Build.0 = Debug|Any CPU
		{93D5BC3C-B091-417A-9C2F-59CF6EBE29F6}.Debug|Any CPU.Deploy.0 = Debug|Any CPU
		{93D5BC3C-B091-417A-9C2F-59CF6EBE29F6}.Release|Any CPU.ActiveCfg = Release|Any CPU
		{93D5BC3C-B091-417A-9C2F-59CF6EBE29F6}.Release|Any CPU.Build.0 = Release|Any CPU
		{93D5BC3C-B091-417A-9C2F-59CF6EBE29F6}.Release|Any CPU.Deploy.0 = Release|Any CPU
		{6397F09F-1664-40CF-A81B-98AAE3F08D6F}.Debug|Any CPU.ActiveCfg = Debug|Any CPU
		{6397F09F-1664-40CF-A81B-98AAE3F08D6F}.Debug|Any CPU.Build.0 = Debug|Any CPU
		{6397F09F-1664-40CF-A81B-98AAE3F08D6F}.Debug|Any CPU.Deploy.0 = Debug|Any CPU
		{6397F09F-1664-40CF-A81B-98AAE3F08D6F}.Release|Any CPU.ActiveCfg = Release|Any CPU
		{6397F09F-1664-40CF-A81B-98AAE3F08D6F}.Release|Any CPU.Build.0 = Release|Any CPU
		{6397F09F-1664-40CF-A81B-98AAE3F08D6F}.Release|Any CPU.Deploy.0 = Release|Any CPU
	EndGlobalSection
	GlobalSection(SolutionProperties) = preSolution
		HideSolutionNode = FALSE
	EndGlobalSection
	GlobalSection(ExtensibilityGlobals) = postSolution
		SolutionGuid = {734453A6-B015-45F9-A6F5-52415B1459E8}
	EndGlobalSection
EndGlobal
